lockfileVersion: '6.0'

settings:
  autoInstallPeers: true
  excludeLinksFromLockfile: false

devDependencies:
  '@types/node':
    specifier: ^20.4.8
    version: 20.4.8
  dprint:
    specifier: ^0.39.1
    version: 0.39.1

packages:

  /@dprint/darwin-arm64@0.39.1:
    resolution: {integrity: sha512-zMvy5y1OA8ZIdk1lM5170xERuj3nlhpipEhr1l7YmkA9nPJB+NhP4RXjaPbFf+Zxd1Y9+rJW6rpIcqImCbxRug==}
    cpu: [arm64]
    os: [darwin]
    requiresBuild: true
    dev: true
    optional: true

  /@dprint/darwin-x64@0.39.1:
    resolution: {integrity: sha512-Uq4X21k/dQ2Hl1CDsPcSrX27NJbTyLovLM0eBrtErgbE95RQiT8y8rwCfjT32/XtOYzK38uBPpgP6tVYWsQb9g==}
    cpu: [x64]
    os: [darwin]
    requiresBuild: true
    dev: true
    optional: true

  /@dprint/linux-arm64-glibc@0.39.1:
    resolution: {integrity: sha512-BsCMgWoppKTnvVQCr4IX7X4FjkTUUXgb7Jc9vdeSAOyO6nK87Rt9w3WOYVBZXnaZ+5i1uqqaROn7uKtrF/51mg==}
    cpu: [arm64]
    os: [linux]
    requiresBuild: true
    dev: true
    optional: true

  /@dprint/linux-x64-glibc@0.39.1:
    resolution: {integrity: sha512-LXecU6xAvDp+w2Oyw/9+fkHnYtKJs+PFdh8/uf1axU/S/3SIKYxrNsMgpO8nRtRwzXQOoFWOu+UYvhB+p0leYA==}
    cpu: [x64]
    os: [linux]
    requiresBuild: true
    dev: true
    optional: true

  /@dprint/linux-x64-musl@0.39.1:
    resolution: {integrity: sha512-mBXTLZ7Z0NUcAEYCU1GyaoXv8+u5O9wW1gVCq7DdaLkksOiGGJcc1YMVgT1mE2Zp/o6MPyW1BgSKbmTRikOkRQ==}
    cpu: [x64]
    os: [linux]
    requiresBuild: true
    dev: true
    optional: true

  /@dprint/win32-x64@0.39.1:
    resolution: {integrity: sha512-RRS4VzEnIgIxhVDyLXg5HqnX3iGgkLMueVbH0w7CPeEOTN2Nu7y21JigOe85dg4w2l4tGInipzqQyFs4QIC9iw==}
    cpu: [x64]
    os: [win32]
    requiresBuild: true
    dev: true
    optional: true

  /@types/node@20.4.8:
    resolution: {integrity: sha512-0mHckf6D2DiIAzh8fM8f3HQCvMKDpK94YQ0DSVkfWTG9BZleYIWudw9cJxX8oCk9bM+vAkDyujDV6dmKHbvQpg==}
    dev: true

  /dprint@0.39.1:
    resolution: {integrity: sha512-+tdldu28NJq1OEBIMWyAAON3Oe8DIgJN8Q3WuNN00KEw1Ni6qlVWzx/b50u4xggUmiL8uh9Xr4YAyO5cSPyaAA==}
    hasBin: true
    requiresBuild: true
    optionalDependencies:
      '@dprint/darwin-arm64': 0.39.1
      '@dprint/darwin-x64': 0.39.1
      '@dprint/linux-arm64-glibc': 0.39.1
      '@dprint/linux-x64-glibc': 0.39.1
      '@dprint/linux-x64-musl': 0.39.1
      '@dprint/win32-x64': 0.39.1
    dev: true
